
Microsoft Visual Studio Solution File, Format Version 12.00
# Visual Studio Version 17
VisualStudioVersion = 17.3.32922.545
MinimumVisualStudioVersion = 10.0.40219.1
Project("{FAE04EC0-301F-11D3-BF4B-00C04F79EFBC}") = "UIOrchestrator.Server", "UIOrchestrator.Server.csproj", "{C54684AD-569A-4671-BFCC-E789F30220D2}"
EndProject
Project("{FAE04EC0-301F-11D3-BF4B-00C04F79EFBC}") = "UIOrchestrator.Core", "UIOrchestrator.Core\UIOrchestrator.Core.csproj", "{5516A2D6-FB63-4D55-A242-C652A75E526A}"
EndProject
Global
	GlobalSection(SolutionConfigurationPlatforms) = preSolution
		Debug|Any CPU = Debug|Any CPU
		Release|Any CPU = Release|Any CPU
	EndGlobalSection
	GlobalSection(ProjectConfigurationPlatforms) = postSolution
		{C54684AD-569A-4671-BFCC-E789F30220D2}.Debug|Any CPU.ActiveCfg = Debug|Any CPU
		{C54684AD-569A-4671-BFCC-E789F30220D2}.Debug|Any CPU.Build.0 = Debug|Any CPU
		{C54684AD-569A-4671-BFCC-E789F30220D2}.Release|Any CPU.ActiveCfg = Release|Any CPU
		{C54684AD-569A-4671-BFCC-E789F30220D2}.Release|Any CPU.Build.0 = Release|Any CPU
		{5516A2D6-FB63-4D55-A242-C652A75E526A}.Debug|Any CPU.ActiveCfg = Debug|Any CPU
		{5516A2D6-FB63-4D55-A242-C652A75E526A}.Debug|Any CPU.Build.0 = Debug|Any CPU
		{5516A2D6-FB63-4D55-A242-C652A75E526A}.Release|Any CPU.ActiveCfg = Release|Any CPU
		{5516A2D6-FB63-4D55-A242-C652A75E526A}.Release|Any CPU.Build.0 = Release|Any CPU
	EndGlobalSection
	GlobalSection(SolutionProperties) = preSolution
		HideSolutionNode = FALSE
	EndGlobalSection
	GlobalSection(ExtensibilityGlobals) = postSolution
		SolutionGuid = {90BFB955-92A0-49C5-987E-41F196CD1AD7}
	EndGlobalSection
EndGlobal
